
Microsoft Visual Studio Solution File, Format Version 12.00
# Visual Studio Version 17
VisualStudioVersion = 17.4.33110.190
MinimumVisualStudioVersion = 10.0.40219.1
Project("{FAE04EC0-301F-11D3-BF4B-00C04F79EFBC}") = "SampleEmailApp", "SampleEmailApp\SampleEmailApp.csproj", "{12C9D4D8-630E-447E-9BAB-E77016C17B9C}"
EndProject
Global
	GlobalSection(SolutionConfigurationPlatforms) = preSolution
		Debug|Any CPU = Debug|Any CPU
		Release|Any CPU = Release|Any CPU
	EndGlobalSection
	GlobalSection(ProjectConfigurationPlatforms) = postSolution
		{12C9D4D8-630E-447E-9BAB-E77016C17B9C}.Debug|Any CPU.ActiveCfg = Debug|Any CPU
		{12C9D4D8-630E-447E-9BAB-E77016C17B9C}.Debug|Any CPU.Build.0 = Debug|Any CPU
		{12C9D4D8-630E-447E-9BAB-E77016C17B9C}.Release|Any CPU.ActiveCfg = Release|Any CPU
		{12C9D4D8-630E-447E-9BAB-E77016C17B9C}.Release|Any CPU.Build.0 = Release|Any CPU
	EndGlobalSection
	GlobalSection(SolutionProperties) = preSolution
		HideSolutionNode = FALSE
	EndGlobalSection
	GlobalSection(ExtensibilityGlobals) = postSolution
		SolutionGuid = {F72B9C8A-5110-4E9B-AA26-629BC0FCE3BA}
	EndGlobalSection
EndGlobal
